# This file is automatically @generated by Cargo.
# It is not intended for manual editing.
version = 4

[[package]]
name = "mlpl-array"
version = "0.1.0"
dependencies = [
 "mlpl-core",
]

[[package]]
name = "mlpl-cli"
version = "0.1.0"
dependencies = [
 "mlpl-eval",
 "mlpl-parser",
 "mlpl-trace",
]

[[package]]
name = "mlpl-core"
version = "0.1.0"

[[package]]
name = "mlpl-eval"
version = "0.1.0"
dependencies = [
 "mlpl-array",
 "mlpl-core",
 "mlpl-parser",
 "mlpl-runtime",
]

[[package]]
name = "mlpl-lab"
version = "0.1.0"

[[package]]
name = "mlpl-ml"
version = "0.1.0"
dependencies = [
 "mlpl-array",
 "mlpl-runtime",
]

[[package]]
name = "mlpl-parser"
version = "0.1.0"
dependencies = [
 "mlpl-core",
]

[[package]]
name = "mlpl-repl"
version = "0.1.0"
dependencies = [
 "mlpl-eval",
 "mlpl-parser",
]

[[package]]
name = "mlpl-runtime"
version = "0.1.0"
dependencies = [
 "mlpl-array",
 "mlpl-core",
]

[[package]]
name = "mlpl-trace"
version = "0.1.0"
dependencies = [
 "mlpl-core",
]

[[package]]
name = "mlpl-viz"
version = "0.1.0"
dependencies = [
 "mlpl-core",
 "mlpl-trace",
]

[[package]]
name = "mlpl-wasm"
version = "0.1.0"
dependencies = [
 "mlpl-eval",
 "mlpl-trace",
 "mlpl-viz",
]

[[package]]
name = "mlpl-web"
version = "0.1.0"
